{
  "name": "nodejs-examples",
  "version": "1.0.0",
  "lockfileVersion": 3,
  "requires": true,
  "packages": {
    "": {
      "name": "nodejs-examples",
      "version": "1.0.0",
      "dependencies": {
        "cluster-key-slot": "^1.1.2",
        "key-value-file": "^1.0.10",
        "redis": "^5.0.0",
        "uuid": "^11.1.0"
      }
    },
    "node_modules/@redis/bloom": {
      "version": "5.0.0",
      "resolved": "https://registry.npmjs.org/@redis/bloom/-/bloom-5.0.0.tgz",
      "integrity": "sha512-YHlra6a7+brJ3Ustqa+jC68Pdnw2/wbnVLeULN0llP3gHpKxOSmiDyLwuHq5t/jFi6QUgjSprUQi2a8CieKFIA==",
      "license": "MIT",
      "engines": {
        "node": ">= 18"
      },
      "peerDependencies": {
        "@redis/client": "^5.0.0"
      }
    },
    "node_modules/@redis/client": {
      "version": "5.0.0",
      "resolved": "https://registry.npmjs.org/@redis/client/-/client-5.0.0.tgz",
      "integrity": "sha512-1MqfzOOoFBwWprigJ3S5hM+LuzaWwxyyx+74NDzCpmjKWyjjC07xkWsd5E9fr+61NUDtvUivRiyAxGiRIwJCaQ==",
      "license": "MIT",
      "dependencies": {
        "cluster-key-slot": "1.1.2"
      },
      "engines": {
        "node": ">= 18"
      }
    },
    "node_modules/@redis/json": {
      "version": "5.0.0",
      "resolved": "https://registry.npmjs.org/@redis/json/-/json-5.0.0.tgz",
      "integrity": "sha512-8YFjshsvWR9dWjOiQ50TfBxfl+z1mjCae8jDnfOYN1aCvUZWJXqM1OpL56v6mWRyXwZ5C9qJJKDGmHTr4PVskQ==",
      "license": "MIT",
      "engines": {
        "node": ">= 18"
      },
      "peerDependencies": {
        "@redis/client": "^5.0.0"
      }
    },
    "node_modules/@redis/search": {
      "version": "5.0.0",
      "resolved": "https://registry.npmjs.org/@redis/search/-/search-5.0.0.tgz",
      "integrity": "sha512-oEop/S/0NB5p7vpTTlp5X5LQO4oTomJnFEOaKhQ5xZWROLXTgEVvPSfXVNBbtr9maU2+OupxXQR63HW3MGeTUg==",
      "license": "MIT",
      "engines": {
        "node": ">= 18"
      },
      "peerDependencies": {
        "@redis/client": "^5.0.0"
      }
    },
    "node_modules/@redis/time-series": {
      "version": "5.0.0",
      "resolved": "https://registry.npmjs.org/@redis/time-series/-/time-series-5.0.0.tgz",
      "integrity": "sha512-DNsP4DH5CRfXlQDyvLJm2DltZm3kjpVKZsNTI3SPdbRxhc9i2c0NehUbM/gDECnEfG+jkNN/LUv6Em4LaLwPBQ==",
      "license": "MIT",
      "engines": {
        "node": ">= 18"
      },
      "peerDependencies": {
        "@redis/client": "^5.0.0"
      }
    },
    "node_modules/cluster-key-slot": {
      "version": "1.1.2",
      "resolved": "https://registry.npmjs.org/cluster-key-slot/-/cluster-key-slot-1.1.2.tgz",
      "integrity": "sha512-RMr0FhtfXemyinomL4hrWcYJxmX6deFdCxpJzhDttxgO1+bcCnkk+9drydLVDmAMG7NE6aN/fl4F7ucU/90gAA==",
      "license": "Apache-2.0",
      "engines": {
        "node": ">=0.10.0"
      }
    },
    "node_modules/key-value-file": {
      "version": "1.0.10",
      "resolved": "https://registry.npmjs.org/key-value-file/-/key-value-file-1.0.10.tgz",
      "integrity": "sha512-kQkkWNaz1QbmDI1xqHUhAPIuJLfDj5tJNgulWH3W/p258qdgNxFTrGQxOgTNbEL84nNIw2y+Z9JhWOgBQtJTgw==",
      "license": "MIT",
      "dependencies": {
        "string-walker": "^1.0.7",
        "tslib": "^2.4.0"
      }
    },
    "node_modules/redis": {
      "version": "5.0.0",
      "resolved": "https://registry.npmjs.org/redis/-/redis-5.0.0.tgz",
      "integrity": "sha512-J/fzf0cYeFw5NP4aYIvv9owYOcNUsaDqF4qmwbSuaV4yKBLaIHJQIFbAKLgjn99GDXdJBbfqCRXE7+BIlkpATA==",
      "license": "MIT",
      "dependencies": {
        "@redis/bloom": "5.0.0",
        "@redis/client": "5.0.0",
        "@redis/json": "5.0.0",
        "@redis/search": "5.0.0",
        "@redis/time-series": "5.0.0"
      },
      "engines": {
        "node": ">= 18"
      }
    },
    "node_modules/string-walker": {
      "version": "1.0.7",
      "resolved": "https://registry.npmjs.org/string-walker/-/string-walker-1.0.7.tgz",
      "integrity": "sha512-8bisS8ZtfLLEFP5pANWNA56slNsvvmSZi8EWeZYFnzaOnVLGN3WPyCN3M+MCQye0M99yYa8bnvdRfzy/wo1vbg==",
      "license": "MIT"
    },
    "node_modules/tslib": {
      "version": "2.8.1",
      "resolved": "https://registry.npmjs.org/tslib/-/tslib-2.8.1.tgz",
      "integrity": "sha512-oJFu94HQb+KVduSUQL7wnpmqnfmLsOA/nAh6b6EH0wCEoK0/mPeXU6c3wKDV83MkOuHPRHtSXKKU99IBazS/2w==",
      "license": "0BSD"
    },
    "node_modules/uuid": {
      "version": "11.1.0",
      "resolved": "https://registry.npmjs.org/uuid/-/uuid-11.1.0.tgz",
      "integrity": "sha512-0/A9rDy9P7cJ+8w1c9WD9V//9Wj15Ce2MPz8Ri6032usz+NfePxx5AcN3bN+r6ZL6jEo066/yNYB3tn4pQEx+A==",
      "funding": [
        "https://github.com/sponsors/broofa",
        "https://github.com/sponsors/ctavan"
      ],
      "license": "MIT",
      "bin": {
        "uuid": "dist/esm/bin/uuid"
      }
    }
  }
}
